// !$*UTF8*$!
{
	archiveVersion = 1;
	classes = {
	};
	objectVersion = 50;
	objects = {

/* Begin PBXBuildFile section */
		51A162BB07F3F78B33E58CD0 /* Pods_ba_parking_position_determination.framework in Frameworks */ = {isa = PBXBuildFile; fileRef = 3B49F75DD80A4068A8C719E8 /* Pods_ba_parking_position_determination.framework */; };
		CC516D01232F82CD0007DB48 /* Route.gpx in Resources */ = {isa = PBXBuildFile; fileRef = CC516D00232F82CD0007DB48 /* Route.gpx */; };
		CC92866F232BEBFB000478AF /* AppDelegate.swift in Sources */ = {isa = PBXBuildFile; fileRef = CC92866E232BEBFB000478AF /* AppDelegate.swift */; };
		CC928671232BEBFB000478AF /* MapViewController.swift in Sources */ = {isa = PBXBuildFile; fileRef = CC928670232BEBFB000478AF /* MapViewController.swift */; };
		CC928674232BEBFB000478AF /* Main.storyboard in Resources */ = {isa = PBXBuildFile; fileRef = CC928672232BEBFB000478AF /* Main.storyboard */; };
		CC928676232BEBFC000478AF /* Assets.xcassets in Resources */ = {isa = PBXBuildFile; fileRef = CC928675232BEBFC000478AF /* Assets.xcassets */; };
		CC928679232BEBFC000478AF /* LaunchScreen.storyboard in Resources */ = {isa = PBXBuildFile; fileRef = CC928677232BEBFC000478AF /* LaunchScreen.storyboard */; };
		CC928681232BEFA7000478AF /* CarAnnotation.swift in Sources */ = {isa = PBXBuildFile; fileRef = CC928680232BEFA7000478AF /* CarAnnotation.swift */; };
		CCB7494B232F90A80084D884 /* Location.swift in Sources */ = {isa = PBXBuildFile; fileRef = CCB7494A232F90A80084D884 /* Location.swift */; };
/* End PBXBuildFile section */

/* Begin PBXFileReference section */
		3627261BEA1C398CA0D5D548 /* Pods-ba-parking-position-determination.debug.xcconfig */ = {isa = PBXFileReference; includeInIndex = 1; lastKnownFileType = text.xcconfig; name = "Pods-ba-parking-position-determination.debug.xcconfig"; path = "Target Support Files/Pods-ba-parking-position-determination/Pods-ba-parking-position-determination.debug.xcconfig"; sourceTree = "<group>"; };
		382335FAD8DDD78F4271D9B5 /* Pods-ba-parking-position-determination.release.xcconfig */ = {isa = PBXFileReference; includeInIndex = 1; lastKnownFileType = text.xcconfig; name = "Pods-ba-parking-position-determination.release.xcconfig"; path = "Target Support Files/Pods-ba-parking-position-determination/Pods-ba-parking-position-determination.release.xcconfig"; sourceTree = "<group>"; };
		3B49F75DD80A4068A8C719E8 /* Pods_ba_parking_position_determination.framework */ = {isa = PBXFileReference; explicitFileType = wrapper.framework; includeInIndex = 0; path = Pods_ba_parking_position_determination.framework; sourceTree = BUILT_PRODUCTS_DIR; };
		CC516D00232F82CD0007DB48 /* Route.gpx */ = {isa = PBXFileReference; fileEncoding = 4; lastKnownFileType = text.xml; path = Route.gpx; sourceTree = "<group>"; };
		CC92866B232BEBFB000478AF /* ba-parking-position-determination.app */ = {isa = PBXFileReference; explicitFileType = wrapper.application; includeInIndex = 0; path = "ba-parking-position-determination.app"; sourceTree = BUILT_PRODUCTS_DIR; };
		CC92866E232BEBFB000478AF /* AppDelegate.swift */ = {isa = PBXFileReference; lastKnownFileType = sourcecode.swift; path = AppDelegate.swift; sourceTree = "<group>"; };
		CC928670232BEBFB000478AF /* MapViewController.swift */ = {isa = PBXFileReference; lastKnownFileType = sourcecode.swift; path = MapViewController.swift; sourceTree = "<group>"; };
		CC928673232BEBFB000478AF /* Base */ = {isa = PBXFileReference; lastKnownFileType = file.storyboard; name = Base; path = Base.lproj/Main.storyboard; sourceTree = "<group>"; };
		CC928675232BEBFC000478AF /* Assets.xcassets */ = {isa = PBXFileReference; lastKnownFileType = folder.assetcatalog; path = Assets.xcassets; sourceTree = "<group>"; };
		CC928678232BEBFC000478AF /* Base */ = {isa = PBXFileReference; lastKnownFileType = file.storyboard; name = Base; path = Base.lproj/LaunchScreen.storyboard; sourceTree = "<group>"; };
		CC92867A232BEBFC000478AF /* Info.plist */ = {isa = PBXFileReference; lastKnownFileType = text.plist.xml; path = Info.plist; sourceTree = "<group>"; };
		CC928680232BEFA7000478AF /* CarAnnotation.swift */ = {isa = PBXFileReference; lastKnownFileType = sourcecode.swift; path = CarAnnotation.swift; sourceTree = "<group>"; };
		CCB7494A232F90A80084D884 /* Location.swift */ = {isa = PBXFileReference; lastKnownFileType = sourcecode.swift; path = Location.swift; sourceTree = "<group>"; };
/* End PBXFileReference section */

/* Begin PBXFrameworksBuildPhase section */
		CC928668232BEBFB000478AF /* Frameworks */ = {
			isa = PBXFrameworksBuildPhase;
			buildActionMask = 2147483647;
			files = (
				51A162BB07F3F78B33E58CD0 /* Pods_ba_parking_position_determination.framework in Frameworks */,
			);
			runOnlyForDeploymentPostprocessing = 0;
		};
/* End PBXFrameworksBuildPhase section */

/* Begin PBXGroup section */
		AC61E2EB71B2375E82BA0329 /* Pods */ = {
			isa = PBXGroup;
			children = (
				3627261BEA1C398CA0D5D548 /* Pods-ba-parking-position-determination.debug.xcconfig */,
				382335FAD8DDD78F4271D9B5 /* Pods-ba-parking-position-determination.release.xcconfig */,
			);
			path = Pods;
			sourceTree = "<group>";
		};
		C86D28E565DF6C52B7681EBF /* Frameworks */ = {
			isa = PBXGroup;
			children = (
				3B49F75DD80A4068A8C719E8 /* Pods_ba_parking_position_determination.framework */,
			);
			name = Frameworks;
			sourceTree = "<group>";
		};
		CC928662232BEBFB000478AF = {
			isa = PBXGroup;
			children = (
				CC92866D232BEBFB000478AF /* ba-parking-position-determination */,
				CC92866C232BEBFB000478AF /* Products */,
				AC61E2EB71B2375E82BA0329 /* Pods */,
				C86D28E565DF6C52B7681EBF /* Frameworks */,
			);
			sourceTree = "<group>";
		};
		CC92866C232BEBFB000478AF /* Products */ = {
			isa = PBXGroup;
			children = (
				CC92866B232BEBFB000478AF /* ba-parking-position-determination.app */,
			);
			name = Products;
			sourceTree = "<group>";
		};
		CC92866D232BEBFB000478AF /* ba-parking-position-determination */ = {
			isa = PBXGroup;
			children = (
				CC92866E232BEBFB000478AF /* AppDelegate.swift */,
				CCB74948232F905C0084D884 /* Controler */,
				CCB74947232F90570084D884 /* View */,
				CCB74946232F904B0084D884 /* Model */,
				CCB74949232F90820084D884 /* Supporting Files */,
				CC92867A232BEBFC000478AF /* Info.plist */,
			);
			path = "ba-parking-position-determination";
			sourceTree = "<group>";
		};
		CCB74946232F904B0084D884 /* Model */ = {
			isa = PBXGroup;
			children = (
				CC928680232BEFA7000478AF /* CarAnnotation.swift */,
				CCB7494A232F90A80084D884 /* Location.swift */,
			);
			path = Model;
			sourceTree = "<group>";
		};
		CCB74947232F90570084D884 /* View */ = {
			isa = PBXGroup;
			children = (
				CC928672232BEBFB000478AF /* Main.storyboard */,
			);
			path = View;
			sourceTree = "<group>";
		};
		CCB74948232F905C0084D884 /* Controler */ = {
			isa = PBXGroup;
			children = (
				CC928670232BEBFB000478AF /* MapViewController.swift */,
			);
			path = Controler;
			sourceTree = "<group>";
		};
		CCB74949232F90820084D884 /* Supporting Files */ = {
			isa = PBXGroup;
			children = (
				CC516D00232F82CD0007DB48 /* Route.gpx */,
				CC928675232BEBFC000478AF /* Assets.xcassets */,
				CC928677232BEBFC000478AF /* LaunchScreen.storyboard */,
			);
			path = "Supporting Files";
			sourceTree = "<group>";
		};
/* End PBXGroup section */

/* Begin PBXNativeTarget section */
		CC92866A232BEBFB000478AF /* ba-parking-position-determination */ = {
			isa = PBXNativeTarget;
			buildConfigurationList = CC92867D232BEBFC000478AF /* Build configuration list for PBXNativeTarget "ba-parking-position-determination" */;
			buildPhases = (
				7429CB036202085A318D79FF /* [CP] Check Pods Manifest.lock */,
				CC928667232BEBFB000478AF /* Sources */,
				CC928668232BEBFB000478AF /* Frameworks */,
				CC928669232BEBFB000478AF /* Resources */,
				77E974A8C604B4889A67E3EB /* [CP] Embed Pods Frameworks */,
			);
			buildRules = (
			);
			dependencies = (
			);
			name = "ba-parking-position-determination";
			productName = "ba-parking-position-determination";
			productReference = CC92866B232BEBFB000478AF /* ba-parking-position-determination.app */;
			productType = "com.apple.product-type.application";
		};
/* End PBXNativeTarget section */

/* Begin PBXProject section */
		CC928663232BEBFB000478AF /* Project object */ = {
			isa = PBXProject;
			attributes = {
				LastSwiftUpdateCheck = 1020;
				LastUpgradeCheck = 1020;
				ORGANIZATIONNAME = "Benedikt Beckermann";
				TargetAttributes = {
					CC92866A232BEBFB000478AF = {
						CreatedOnToolsVersion = 10.2.1;
					};
				};
			};
			buildConfigurationList = CC928666232BEBFB000478AF /* Build configuration list for PBXProject "ba-parking-position-determination" */;
			compatibilityVersion = "Xcode 9.3";
			developmentRegion = en;
			hasScannedForEncodings = 0;
			knownRegions = (
				en,
				Base,
			);
			mainGroup = CC928662232BEBFB000478AF;
			productRefGroup = CC92866C232BEBFB000478AF /* Products */;
			projectDirPath = "";
			projectRoot = "";
			targets = (
				CC92866A232BEBFB000478AF /* ba-parking-position-determination */,
			);
		};
/* End PBXProject section */

/* Begin PBXResourcesBuildPhase section */
		CC928669232BEBFB000478AF /* Resources */ = {
			isa = PBXResourcesBuildPhase;
			buildActionMask = 2147483647;
			files = (
				CC928679232BEBFC000478AF /* LaunchScreen.storyboard in Resources */,
				CC516D01232F82CD0007DB48 /* Route.gpx in Resources */,
				CC928676232BEBFC000478AF /* Assets.xcassets in Resources */,
				CC928674232BEBFB000478AF /* Main.storyboard in Resources */,
			);
			runOnlyForDeploymentPostprocessing = 0;
		};
/* End PBXResourcesBuildPhase section */

/* Begin PBXShellScriptBuildPhase section */
		7429CB036202085A318D79FF /* [CP] Check Pods Manifest.lock */ = {
			isa = PBXShellScriptBuildPhase;
			buildActionMask = 2147483647;
			files = (
			);
			inputFileListPaths = (
			);
			inputPaths = (
				"${PODS_PODFILE_DIR_PATH}/Podfile.lock",
				"${PODS_ROOT}/Manifest.lock",
			);
			name = "[CP] Check Pods Manifest.lock";
			outputFileListPaths = (
			);
			outputPaths = (
				"$(DERIVED_FILE_DIR)/Pods-ba-parking-position-determination-checkManifestLockResult.txt",
			);
			runOnlyForDeploymentPostprocessing = 0;
			shellPath = /bin/sh;
			shellScript = "diff \"${PODS_PODFILE_DIR_PATH}/Podfile.lock\" \"${PODS_ROOT}/Manifest.lock\" > /dev/null\nif [ $? != 0 ] ; then\n    # print error to STDERR\n    echo \"error: The sandbox is not in sync with the Podfile.lock. Run 'pod install' or update your CocoaPods installation.\" >&2\n    exit 1\nfi\n# This output is used by Xcode 'outputs' to avoid re-running this script phase.\necho \"SUCCESS\" > \"${SCRIPT_OUTPUT_FILE_0}\"\n";
			showEnvVarsInLog = 0;
		};
		77E974A8C604B4889A67E3EB /* [CP] Embed Pods Frameworks */ = {
			isa = PBXShellScriptBuildPhase;
			buildActionMask = 2147483647;
			files = (
			);
			inputFileListPaths = (
			);
			inputPaths = (
				"${PODS_ROOT}/Target Support Files/Pods-ba-parking-position-determination/Pods-ba-parking-position-determination-frameworks.sh",
				"${BUILT_PRODUCTS_DIR}/Realm/Realm.framework",
				"${BUILT_PRODUCTS_DIR}/RealmSwift/RealmSwift.framework",
			);
			name = "[CP] Embed Pods Frameworks";
			outputFileListPaths = (
			);
			outputPaths = (
				"${TARGET_BUILD_DIR}/${FRAMEWORKS_FOLDER_PATH}/Realm.framework",
				"${TARGET_BUILD_DIR}/${FRAMEWORKS_FOLDER_PATH}/RealmSwift.framework",
			);
			runOnlyForDeploymentPostprocessing = 0;
			shellPath = /bin/sh;
			shellScript = "\"${PODS_ROOT}/Target Support Files/Pods-ba-parking-position-determination/Pods-ba-parking-position-determination-frameworks.sh\"\n";
			showEnvVarsInLog = 0;
		};
/* End PBXShellScriptBuildPhase section */

/* Begin PBXSourcesBuildPhase section */
		CC928667232BEBFB000478AF /* Sources */ = {
			isa = PBXSourcesBuildPhase;
			buildActionMask = 2147483647;
			files = (
				CC928681232BEFA7000478AF /* CarAnnotation.swift in Sources */,
				CC928671232BEBFB000478AF /* MapViewController.swift in Sources */,
				CCB7494B232F90A80084D884 /* Location.swift in Sources */,
				CC92866F232BEBFB000478AF /* AppDelegate.swift in Sources */,
			);
			runOnlyForDeploymentPostprocessing = 0;
		};
/* End PBXSourcesBuildPhase section */

/* Begin PBXVariantGroup section */
		CC928672232BEBFB000478AF /* Main.storyboard */ = {
			isa = PBXVariantGroup;
			children = (
				CC928673232BEBFB000478AF /* Base */,
			);
			name = Main.storyboard;
			sourceTree = "<group>";
		};
		CC928677232BEBFC000478AF /* LaunchScreen.storyboard */ = {
			isa = PBXVariantGroup;
			children = (
				CC928678232BEBFC000478AF /* Base */,
			);
			name = LaunchScreen.storyboard;
			sourceTree = "<group>";
		};
/* End PBXVariantGroup section */

/* Begin XCBuildConfiguration section */
		CC92867B232BEBFC000478AF /* Debug */ = {
			isa = XCBuildConfiguration;
			buildSettings = {
				ALWAYS_SEARCH_USER_PATHS = NO;
				CLANG_ANALYZER_NONNULL = YES;
				CLANG_ANALYZER_NUMBER_OBJECT_CONVERSION = YES_AGGRESSIVE;
				CLANG_CXX_LANGUAGE_STANDARD = "gnu++14";
				CLANG_CXX_LIBRARY = "libc++";
				CLANG_ENABLE_MODULES = YES;
				CLANG_ENABLE_OBJC_ARC = YES;
				CLANG_ENABLE_OBJC_WEAK = YES;
				CLANG_WARN_BLOCK_CAPTURE_AUTORELEASING = YES;
				CLANG_WARN_BOOL_CONVERSION = YES;
				CLANG_WARN_COMMA = YES;
				CLANG_WARN_CONSTANT_CONVERSION = YES;
				CLANG_WARN_DEPRECATED_OBJC_IMPLEMENTATIONS = YES;
				CLANG_WARN_DIRECT_OBJC_ISA_USAGE = YES_ERROR;
				CLANG_WARN_DOCUMENTATION_COMMENTS = YES;
				CLANG_WARN_EMPTY_BODY = YES;
				CLANG_WARN_ENUM_CONVERSION = YES;
				CLANG_WARN_INFINITE_RECURSION = YES;
				CLANG_WARN_INT_CONVERSION = YES;
				CLANG_WARN_NON_LITERAL_NULL_CONVERSION = YES;
				CLANG_WARN_OBJC_IMPLICIT_RETAIN_SELF = YES;
				CLANG_WARN_OBJC_LITERAL_CONVERSION = YES;
				CLANG_WARN_OBJC_ROOT_CLASS = YES_ERROR;
				CLANG_WARN_RANGE_LOOP_ANALYSIS = YES;
				CLANG_WARN_STRICT_PROTOTYPES = YES;
				CLANG_WARN_SUSPICIOUS_MOVE = YES;
				CLANG_WARN_UNGUARDED_AVAILABILITY = YES_AGGRESSIVE;
				CLANG_WARN_UNREACHABLE_CODE = YES;
				CLANG_WARN__DUPLICATE_METHOD_MATCH = YES;
				CODE_SIGN_IDENTITY = "iPhone Developer";
				COPY_PHASE_STRIP = NO;
				DEBUG_INFORMATION_FORMAT = dwarf;
				ENABLE_STRICT_OBJC_MSGSEND = YES;
				ENABLE_TESTABILITY = YES;
				GCC_C_LANGUAGE_STANDARD = gnu11;
				GCC_DYNAMIC_NO_PIC = NO;
				GCC_NO_COMMON_BLOCKS = YES;
				GCC_OPTIMIZATION_LEVEL = 0;
				GCC_PREPROCESSOR_DEFINITIONS = (
					"DEBUG=1",
					"$(inherited)",
				);
				GCC_WARN_64_TO_32_BIT_CONVERSION = YES;
				GCC_WARN_ABOUT_RETURN_TYPE = YES_ERROR;
				GCC_WARN_UNDECLARED_SELECTOR = YES;
				GCC_WARN_UNINITIALIZED_AUTOS = YES_AGGRESSIVE;
				GCC_WARN_UNUSED_FUNCTION = YES;
				GCC_WARN_UNUSED_VARIABLE = YES;
				IPHONEOS_DEPLOYMENT_TARGET = 12.2;
				MTL_ENABLE_DEBUG_INFO = INCLUDE_SOURCE;
				MTL_FAST_MATH = YES;
				ONLY_ACTIVE_ARCH = YES;
				SDKROOT = iphoneos;
				SWIFT_ACTIVE_COMPILATION_CONDITIONS = DEBUG;
				SWIFT_OPTIMIZATION_LEVEL = "-Onone";
			};
			name = Debug;
		};
		CC92867C232BEBFC000478AF /* Release */ = {
			isa = XCBuildConfiguration;
			buildSettings = {
				ALWAYS_SEARCH_USER_PATHS = NO;
				CLANG_ANALYZER_NONNULL = YES;
				CLANG_ANALYZER_NUMBER_OBJECT_CONVERSION = YES_AGGRESSIVE;
				CLANG_CXX_LANGUAGE_STANDARD = "gnu++14";
				CLANG_CXX_LIBRARY = "libc++";
				CLANG_ENABLE_MODULES = YES;
				CLANG_ENABLE_OBJC_ARC = YES;
				CLANG_ENABLE_OBJC_WEAK = YES;
				CLANG_WARN_BLOCK_CAPTURE_AUTORELEASING = YES;
				CLANG_WARN_BOOL_CONVERSION = YES;
				CLANG_WARN_COMMA = YES;
				CLANG_WARN_CONSTANT_CONVERSION = YES;
				CLANG_WARN_DEPRECATED_OBJC_IMPLEMENTATIONS = YES;
				CLANG_WARN_DIRECT_OBJC_ISA_USAGE = YES_ERROR;
				CLANG_WARN_DOCUMENTATION_COMMENTS = YES;
				CLANG_WARN_EMPTY_BODY = YES;
				CLANG_WARN_ENUM_CONVERSION = YES;
				CLANG_WARN_INFINITE_RECURSION = YES;
				CLANG_WARN_INT_CONVERSION = YES;
				CLANG_WARN_NON_LITERAL_NULL_CONVERSION = YES;
				CLANG_WARN_OBJC_IMPLICIT_RETAIN_SELF = YES;
				CLANG_WARN_OBJC_LITERAL_CONVERSION = YES;
				CLANG_WARN_OBJC_ROOT_CLASS = YES_ERROR;
				CLANG_WARN_RANGE_LOOP_ANALYSIS = YES;
				CLANG_WARN_STRICT_PROTOTYPES = YES;
				CLANG_WARN_SUSPICIOUS_MOVE = YES;
				CLANG_WARN_UNGUARDED_AVAILABILITY = YES_AGGRESSIVE;
				CLANG_WARN_UNREACHABLE_CODE = YES;
				CLANG_WARN__DUPLICATE_METHOD_MATCH = YES;
				CODE_SIGN_IDENTITY = "iPhone Developer";
				COPY_PHASE_STRIP = NO;
				DEBUG_INFORMATION_FORMAT = "dwarf-with-dsym";
				ENABLE_NS_ASSERTIONS = NO;
				ENABLE_STRICT_OBJC_MSGSEND = YES;
				GCC_C_LANGUAGE_STANDARD = gnu11;
				GCC_NO_COMMON_BLOCKS = YES;
				GCC_WARN_64_TO_32_BIT_CONVERSION = YES;
				GCC_WARN_ABOUT_RETURN_TYPE = YES_ERROR;
				GCC_WARN_UNDECLARED_SELECTOR = YES;
				GCC_WARN_UNINITIALIZED_AUTOS = YES_AGGRESSIVE;
				GCC_WARN_UNUSED_FUNCTION = YES;
				GCC_WARN_UNUSED_VARIABLE = YES;
				IPHONEOS_DEPLOYMENT_TARGET = 12.2;
				MTL_ENABLE_DEBUG_INFO = NO;
				MTL_FAST_MATH = YES;
				SDKROOT = iphoneos;
				SWIFT_COMPILATION_MODE = wholemodule;
				SWIFT_OPTIMIZATION_LEVEL = "-O";
				VALIDATE_PRODUCT = YES;
			};
			name = Release;
		};
		CC92867E232BEBFC000478AF /* Debug */ = {
			isa = XCBuildConfiguration;
			baseConfigurationReference = 3627261BEA1C398CA0D5D548 /* Pods-ba-parking-position-determination.debug.xcconfig */;
			buildSettings = {
				ASSETCATALOG_COMPILER_APPICON_NAME = AppIcon;
				CODE_SIGN_STYLE = Automatic;
				DEVELOPMENT_TEAM = NZMZMNHZR2;
				INFOPLIST_FILE = "ba-parking-position-determination/Info.plist";
				IPHONEOS_DEPLOYMENT_TARGET = 12.2;
				LD_RUNPATH_SEARCH_PATHS = (
					"$(inherited)",
					"@executable_path/Frameworks",
				);
				PRODUCT_BUNDLE_IDENTIFIER = "click.benedikt.ba-parking-position-determination";
				PRODUCT_NAME = "$(TARGET_NAME)";
				SWIFT_VERSION = 5.0;
				TARGETED_DEVICE_FAMILY = 1;
			};
			name = Debug;
		};
		CC92867F232BEBFC000478AF /* Release */ = {
			isa = XCBuildConfiguration;
			baseConfigurationReference = 382335FAD8DDD78F4271D9B5 /* Pods-ba-parking-position-determination.release.xcconfig */;
			buildSettings = {
				ASSETCATALOG_COMPILER_APPICON_NAME = AppIcon;
				CODE_SIGN_STYLE = Automatic;
				DEVELOPMENT_TEAM = NZMZMNHZR2;
				INFOPLIST_FILE = "ba-parking-position-determination/Info.plist";
				IPHONEOS_DEPLOYMENT_TARGET = 12.2;
				LD_RUNPATH_SEARCH_PATHS = (
					"$(inherited)",
					"@executable_path/Frameworks",
				);
				PRODUCT_BUNDLE_IDENTIFIER = "click.benedikt.ba-parking-position-determination";
				PRODUCT_NAME = "$(TARGET_NAME)";
				SWIFT_VERSION = 5.0;
				TARGETED_DEVICE_FAMILY = 1;
			};
			name = Release;
		};
/* End XCBuildConfiguration section */

/* Begin XCConfigurationList section */
		CC928666232BEBFB000478AF /* Build configuration list for PBXProject "ba-parking-position-determination" */ = {
			isa = XCConfigurationList;
			buildConfigurations = (
				CC92867B232BEBFC000478AF /* Debug */,
				CC92867C232BEBFC000478AF /* Release */,
			);
			defaultConfigurationIsVisible = 0;
			defaultConfigurationName = Release;
		};
		CC92867D232BEBFC000478AF /* Build configuration list for PBXNativeTarget "ba-parking-position-determination" */ = {
			isa = XCConfigurationList;
			buildConfigurations = (
				CC92867E232BEBFC000478AF /* Debug */,
				CC92867F232BEBFC000478AF /* Release */,
			);
			defaultConfigurationIsVisible = 0;
			defaultConfigurationName = Release;
		};
/* End XCConfigurationList section */
	};
	rootObject = CC928663232BEBFB000478AF /* Project object */;
}
